
Microsoft Visual Studio Solution File, Format Version 12.00
# Visual Studio Version 16
VisualStudioVersion = 16.0.31727.386
MinimumVisualStudioVersion = 10.0.40219.1
Project("{FAE04EC0-301F-11D3-BF4B-00C04F79EFBC}") = "ELEPHENT", "ELEPHENT.csproj", "{9C0A9A86-4875-4753-BFD3-2BB2C301761C}"
EndProject
Global
	GlobalSection(SolutionConfigurationPlatforms) = preSolution
		Debug|Any CPU = Debug|Any CPU
		Release|Any CPU = Release|Any CPU
	EndGlobalSection
	GlobalSection(ProjectConfigurationPlatforms) = postSolution
		{9C0A9A86-4875-4753-BFD3-2BB2C301761C}.Debug|Any CPU.ActiveCfg = Debug|Any CPU
		{9C0A9A86-4875-4753-BFD3-2BB2C301761C}.Debug|Any CPU.Build.0 = Debug|Any CPU
		{9C0A9A86-4875-4753-BFD3-2BB2C301761C}.Release|Any CPU.ActiveCfg = Release|Any CPU
		{9C0A9A86-4875-4753-BFD3-2BB2C301761C}.Release|Any CPU.Build.0 = Release|Any CPU
	EndGlobalSection
	GlobalSection(SolutionProperties) = preSolution
		HideSolutionNode = FALSE
	EndGlobalSection
	GlobalSection(ExtensibilityGlobals) = postSolution
		SolutionGuid = {1568E27E-E7D3-4D55-8DD7-FB5DB402EDBE}
	EndGlobalSection
EndGlobal
