
Microsoft Visual Studio Solution File, Format Version 12.00
# Visual Studio Version 16
VisualStudioVersion = 16.0.31727.386
MinimumVisualStudioVersion = 10.0.40219.1
Project("{FAE04EC0-301F-11D3-BF4B-00C04F79EFBC}") = "Sum of Natural number", "Sum of Natural number.csproj", "{B56BA258-8345-4775-BE1E-B8A58C1A435B}"
EndProject
Global
	GlobalSection(SolutionConfigurationPlatforms) = preSolution
		Debug|Any CPU = Debug|Any CPU
		Release|Any CPU = Release|Any CPU
	EndGlobalSection
	GlobalSection(ProjectConfigurationPlatforms) = postSolution
		{B56BA258-8345-4775-BE1E-B8A58C1A435B}.Debug|Any CPU.ActiveCfg = Debug|Any CPU
		{B56BA258-8345-4775-BE1E-B8A58C1A435B}.Debug|Any CPU.Build.0 = Debug|Any CPU
		{B56BA258-8345-4775-BE1E-B8A58C1A435B}.Release|Any CPU.ActiveCfg = Release|Any CPU
		{B56BA258-8345-4775-BE1E-B8A58C1A435B}.Release|Any CPU.Build.0 = Release|Any CPU
	EndGlobalSection
	GlobalSection(SolutionProperties) = preSolution
		HideSolutionNode = FALSE
	EndGlobalSection
	GlobalSection(ExtensibilityGlobals) = postSolution
		SolutionGuid = {30873E9C-B6E4-4801-A722-8F3C2E0849CF}
	EndGlobalSection
EndGlobal
