
Microsoft Visual Studio Solution File, Format Version 12.00
# Visual Studio Version 16
VisualStudioVersion = 16.0.31727.386
MinimumVisualStudioVersion = 10.0.40219.1
Project("{FAE04EC0-301F-11D3-BF4B-00C04F79EFBC}") = "Soldier and Bananas", "Soldier and Bananas.csproj", "{897A0ABF-1F27-4322-A72E-1FCD120FE835}"
EndProject
Global
	GlobalSection(SolutionConfigurationPlatforms) = preSolution
		Debug|Any CPU = Debug|Any CPU
		Release|Any CPU = Release|Any CPU
	EndGlobalSection
	GlobalSection(ProjectConfigurationPlatforms) = postSolution
		{897A0ABF-1F27-4322-A72E-1FCD120FE835}.Debug|Any CPU.ActiveCfg = Debug|Any CPU
		{897A0ABF-1F27-4322-A72E-1FCD120FE835}.Debug|Any CPU.Build.0 = Debug|Any CPU
		{897A0ABF-1F27-4322-A72E-1FCD120FE835}.Release|Any CPU.ActiveCfg = Release|Any CPU
		{897A0ABF-1F27-4322-A72E-1FCD120FE835}.Release|Any CPU.Build.0 = Release|Any CPU
	EndGlobalSection
	GlobalSection(SolutionProperties) = preSolution
		HideSolutionNode = FALSE
	EndGlobalSection
	GlobalSection(ExtensibilityGlobals) = postSolution
		SolutionGuid = {3708E490-6F19-4E85-B3D3-D6204BFB9E66}
	EndGlobalSection
EndGlobal
