
Microsoft Visual Studio Solution File, Format Version 12.00
# Visual Studio Version 16
VisualStudioVersion = 16.0.31727.386
MinimumVisualStudioVersion = 10.0.40219.1
Project("{FAE04EC0-301F-11D3-BF4B-00C04F79EFBC}") = "NEXT ROUND", "NEXT ROUND.csproj", "{03B957A4-3874-412E-A1D5-ED26EADCF1FD}"
EndProject
Global
	GlobalSection(SolutionConfigurationPlatforms) = preSolution
		Debug|Any CPU = Debug|Any CPU
		Release|Any CPU = Release|Any CPU
	EndGlobalSection
	GlobalSection(ProjectConfigurationPlatforms) = postSolution
		{03B957A4-3874-412E-A1D5-ED26EADCF1FD}.Debug|Any CPU.ActiveCfg = Debug|Any CPU
		{03B957A4-3874-412E-A1D5-ED26EADCF1FD}.Debug|Any CPU.Build.0 = Debug|Any CPU
		{03B957A4-3874-412E-A1D5-ED26EADCF1FD}.Release|Any CPU.ActiveCfg = Release|Any CPU
		{03B957A4-3874-412E-A1D5-ED26EADCF1FD}.Release|Any CPU.Build.0 = Release|Any CPU
	EndGlobalSection
	GlobalSection(SolutionProperties) = preSolution
		HideSolutionNode = FALSE
	EndGlobalSection
	GlobalSection(ExtensibilityGlobals) = postSolution
		SolutionGuid = {0BE7C5A0-D583-4537-A446-AAF7360C0954}
	EndGlobalSection
EndGlobal
