
Microsoft Visual Studio Solution File, Format Version 12.00
# Visual Studio Version 16
VisualStudioVersion = 16.0.31727.386
MinimumVisualStudioVersion = 10.0.40219.1
Project("{FAE04EC0-301F-11D3-BF4B-00C04F79EFBC}") = "Static Atribute", "Static Atribute.csproj", "{E9B700C0-2C57-40E8-AF2F-1A7CFB42A376}"
EndProject
Global
	GlobalSection(SolutionConfigurationPlatforms) = preSolution
		Debug|Any CPU = Debug|Any CPU
		Release|Any CPU = Release|Any CPU
	EndGlobalSection
	GlobalSection(ProjectConfigurationPlatforms) = postSolution
		{E9B700C0-2C57-40E8-AF2F-1A7CFB42A376}.Debug|Any CPU.ActiveCfg = Debug|Any CPU
		{E9B700C0-2C57-40E8-AF2F-1A7CFB42A376}.Debug|Any CPU.Build.0 = Debug|Any CPU
		{E9B700C0-2C57-40E8-AF2F-1A7CFB42A376}.Release|Any CPU.ActiveCfg = Release|Any CPU
		{E9B700C0-2C57-40E8-AF2F-1A7CFB42A376}.Release|Any CPU.Build.0 = Release|Any CPU
	EndGlobalSection
	GlobalSection(SolutionProperties) = preSolution
		HideSolutionNode = FALSE
	EndGlobalSection
	GlobalSection(ExtensibilityGlobals) = postSolution
		SolutionGuid = {C031A2DF-68BE-45CC-8ED8-77106EB296D4}
	EndGlobalSection
EndGlobal
