
Microsoft Visual Studio Solution File, Format Version 12.00
# Visual Studio Version 16
VisualStudioVersion = 16.0.31727.386
MinimumVisualStudioVersion = 10.0.40219.1
Project("{FAE04EC0-301F-11D3-BF4B-00C04F79EFBC}") = "ARRAY 03", "ARRAY 03.csproj", "{6FDDE26B-4B21-4EC9-AAB4-348051EE7C5E}"
EndProject
Global
	GlobalSection(SolutionConfigurationPlatforms) = preSolution
		Debug|Any CPU = Debug|Any CPU
		Release|Any CPU = Release|Any CPU
	EndGlobalSection
	GlobalSection(ProjectConfigurationPlatforms) = postSolution
		{6FDDE26B-4B21-4EC9-AAB4-348051EE7C5E}.Debug|Any CPU.ActiveCfg = Debug|Any CPU
		{6FDDE26B-4B21-4EC9-AAB4-348051EE7C5E}.Debug|Any CPU.Build.0 = Debug|Any CPU
		{6FDDE26B-4B21-4EC9-AAB4-348051EE7C5E}.Release|Any CPU.ActiveCfg = Release|Any CPU
		{6FDDE26B-4B21-4EC9-AAB4-348051EE7C5E}.Release|Any CPU.Build.0 = Release|Any CPU
	EndGlobalSection
	GlobalSection(SolutionProperties) = preSolution
		HideSolutionNode = FALSE
	EndGlobalSection
	GlobalSection(ExtensibilityGlobals) = postSolution
		SolutionGuid = {66FA4139-C72C-41C7-B2C6-EC1876737D3C}
	EndGlobalSection
EndGlobal
