
Microsoft Visual Studio Solution File, Format Version 12.00
# Visual Studio Version 16
VisualStudioVersion = 16.0.31727.386
MinimumVisualStudioVersion = 10.0.40219.1
Project("{FAE04EC0-301F-11D3-BF4B-00C04F79EFBC}") = "WHILE LOOP", "WHILE LOOP.csproj", "{80D29898-3E29-4D1C-84E3-E14B3253D880}"
EndProject
Global
	GlobalSection(SolutionConfigurationPlatforms) = preSolution
		Debug|Any CPU = Debug|Any CPU
		Release|Any CPU = Release|Any CPU
	EndGlobalSection
	GlobalSection(ProjectConfigurationPlatforms) = postSolution
		{80D29898-3E29-4D1C-84E3-E14B3253D880}.Debug|Any CPU.ActiveCfg = Debug|Any CPU
		{80D29898-3E29-4D1C-84E3-E14B3253D880}.Debug|Any CPU.Build.0 = Debug|Any CPU
		{80D29898-3E29-4D1C-84E3-E14B3253D880}.Release|Any CPU.ActiveCfg = Release|Any CPU
		{80D29898-3E29-4D1C-84E3-E14B3253D880}.Release|Any CPU.Build.0 = Release|Any CPU
	EndGlobalSection
	GlobalSection(SolutionProperties) = preSolution
		HideSolutionNode = FALSE
	EndGlobalSection
	GlobalSection(ExtensibilityGlobals) = postSolution
		SolutionGuid = {C249633C-1F08-4122-ACD4-A748AD58054C}
	EndGlobalSection
EndGlobal
